
Microsoft Visual Studio Solution File, Format Version 12.00
# Visual Studio Version 16
VisualStudioVersion = 16.0.31410.357
MinimumVisualStudioVersion = 10.0.40219.1
Project("{FAE04EC0-301F-11D3-BF4B-00C04F79EFBC}") = "testjwt", "testjwt.csproj", "{AE8105C4-B526-4A0A-A29D-36B84D4C1B44}"
EndProject
Global
	GlobalSection(SolutionConfigurationPlatforms) = preSolution
		Debug|Any CPU = Debug|Any CPU
		Release|Any CPU = Release|Any CPU
	EndGlobalSection
	GlobalSection(ProjectConfigurationPlatforms) = postSolution
		{AE8105C4-B526-4A0A-A29D-36B84D4C1B44}.Debug|Any CPU.ActiveCfg = Debug|Any CPU
		{AE8105C4-B526-4A0A-A29D-36B84D4C1B44}.Debug|Any CPU.Build.0 = Debug|Any CPU
		{AE8105C4-B526-4A0A-A29D-36B84D4C1B44}.Release|Any CPU.ActiveCfg = Release|Any CPU
		{AE8105C4-B526-4A0A-A29D-36B84D4C1B44}.Release|Any CPU.Build.0 = Release|Any CPU
	EndGlobalSection
	GlobalSection(SolutionProperties) = preSolution
		HideSolutionNode = FALSE
	EndGlobalSection
	GlobalSection(ExtensibilityGlobals) = postSolution
		SolutionGuid = {ACB8AF50-4005-4A50-A23C-F509E3772B50}
	EndGlobalSection
EndGlobal
